{
  "name": "@disco3-nx/progress",
  "version": "0.0.1",
  "lockfileVersion": 2,
  "requires": true,
  "packages": {
    "": {
      "name": "@disco3-nx/progress",
      "version": "0.0.1",
      "devDependencies": {
        "@types/nprogress": "^0.2.0",
        "nprogress": "^0.2.0"
      }
    },
    "node_modules/@types/nprogress": {
      "version": "0.2.0",
      "resolved": "https://registry.npmjs.org/@types/nprogress/-/nprogress-0.2.0.tgz",
      "integrity": "sha512-1cYJrqq9GezNFPsWTZpFut/d4CjpZqA0vhqDUPFWYKF1oIyBz5qnoYMzR+0C/T96t3ebLAC1SSnwrVOm5/j74A==",
      "dev": true
    },
    "node_modules/nprogress": {
      "version": "0.2.0",
      "resolved": "https://registry.npmjs.org/nprogress/-/nprogress-0.2.0.tgz",
      "integrity": "sha512-I19aIingLgR1fmhftnbWWO3dXc0hSxqHQHQb3H8m+K3TnEn/iSeTZZOyvKXWqQESMwuUVnatlCnZdLBZZt2VSA==",
      "dev": true
    }
  },
  "dependencies": {
    "@types/nprogress": {
      "version": "0.2.0",
      "resolved": "https://registry.npmjs.org/@types/nprogress/-/nprogress-0.2.0.tgz",
      "integrity": "sha512-1cYJrqq9GezNFPsWTZpFut/d4CjpZqA0vhqDUPFWYKF1oIyBz5qnoYMzR+0C/T96t3ebLAC1SSnwrVOm5/j74A==",
      "dev": true
    },
    "nprogress": {
      "version": "0.2.0",
      "resolved": "https://registry.npmjs.org/nprogress/-/nprogress-0.2.0.tgz",
      "integrity": "sha512-I19aIingLgR1fmhftnbWWO3dXc0hSxqHQHQb3H8m+K3TnEn/iSeTZZOyvKXWqQESMwuUVnatlCnZdLBZZt2VSA==",
      "dev": true
    }
  }
}
